
Microsoft Visual Studio Solution File, Format Version 12.00
# Visual Studio Version 17
VisualStudioVersion = 17.13.35913.81
MinimumVisualStudioVersion = 10.0.40219.1
Project("{FAE04EC0-301F-11D3-BF4B-00C04F79EFBC}") = "QuickMock", "QuickMock\QuickMock.csproj", "{B74A31A8-51EA-4ED9-8E7E-0AEBB444895A}"
EndProject
Project("{FAE04EC0-301F-11D3-BF4B-00C04F79EFBC}") = "DataProvider", "DataProvider\DataProvider.csproj", "{873F7B93-9549-42CC-810A-3440D89EEF28}"
EndProject
Project("{2150E333-8FDC-42A3-9474-1A3956D46DE8}") = "Libraries", "Libraries", "{02EA681E-C7D8-13C7-8484-4AC65E1B71E8}"
EndProject
Global
	GlobalSection(SolutionConfigurationPlatforms) = preSolution
		Debug|Any CPU = Debug|Any CPU
		Release|Any CPU = Release|Any CPU
	EndGlobalSection
	GlobalSection(ProjectConfigurationPlatforms) = postSolution
		{B74A31A8-51EA-4ED9-8E7E-0AEBB444895A}.Debug|Any CPU.ActiveCfg = Debug|Any CPU
		{B74A31A8-51EA-4ED9-8E7E-0AEBB444895A}.Debug|Any CPU.Build.0 = Debug|Any CPU
		{B74A31A8-51EA-4ED9-8E7E-0AEBB444895A}.Release|Any CPU.ActiveCfg = Release|Any CPU
		{B74A31A8-51EA-4ED9-8E7E-0AEBB444895A}.Release|Any CPU.Build.0 = Release|Any CPU
		{873F7B93-9549-42CC-810A-3440D89EEF28}.Debug|Any CPU.ActiveCfg = Debug|Any CPU
		{873F7B93-9549-42CC-810A-3440D89EEF28}.Debug|Any CPU.Build.0 = Debug|Any CPU
		{873F7B93-9549-42CC-810A-3440D89EEF28}.Release|Any CPU.ActiveCfg = Release|Any CPU
		{873F7B93-9549-42CC-810A-3440D89EEF28}.Release|Any CPU.Build.0 = Release|Any CPU
	EndGlobalSection
	GlobalSection(SolutionProperties) = preSolution
		HideSolutionNode = FALSE
	EndGlobalSection
	GlobalSection(NestedProjects) = preSolution
		{873F7B93-9549-42CC-810A-3440D89EEF28} = {02EA681E-C7D8-13C7-8484-4AC65E1B71E8}
	EndGlobalSection
	GlobalSection(ExtensibilityGlobals) = postSolution
		SolutionGuid = {34E99200-E6A7-4487-858E-07B032318CFD}
	EndGlobalSection
EndGlobal
